// !$*UTF8*$!
{
	archiveVersion = 1;
	classes = {
	};
	objectVersion = 56;
	objects = {

/* Begin PBXBuildFile section */
		2098416B5262B2C0C5999153 /* Pods_IntergrateFlutterInNative.framework in Frameworks */ = {isa = PBXBuildFile; fileRef = 1DCBEB9629757DC93BEB005B /* Pods_IntergrateFlutterInNative.framework */; };
		43CF3D962B3D6E0700A587A2 /* AppDelegate.swift in Sources */ = {isa = PBXBuildFile; fileRef = 43CF3D952B3D6E0700A587A2 /* AppDelegate.swift */; };
		43CF3D982B3D6E0700A587A2 /* SceneDelegate.swift in Sources */ = {isa = PBXBuildFile; fileRef = 43CF3D972B3D6E0700A587A2 /* SceneDelegate.swift */; };
		43CF3D9A2B3D6E0700A587A2 /* ViewController.swift in Sources */ = {isa = PBXBuildFile; fileRef = 43CF3D992B3D6E0700A587A2 /* ViewController.swift */; };
		43CF3D9D2B3D6E0700A587A2 /* Main.storyboard in Resources */ = {isa = PBXBuildFile; fileRef = 43CF3D9B2B3D6E0700A587A2 /* Main.storyboard */; };
		43CF3D9F2B3D6E0800A587A2 /* Assets.xcassets in Resources */ = {isa = PBXBuildFile; fileRef = 43CF3D9E2B3D6E0800A587A2 /* Assets.xcassets */; };
		43CF3DA22B3D6E0800A587A2 /* LaunchScreen.storyboard in Resources */ = {isa = PBXBuildFile; fileRef = 43CF3DA02B3D6E0800A587A2 /* LaunchScreen.storyboard */; };
/* End PBXBuildFile section */

/* Begin PBXFileReference section */
		1DCBEB9629757DC93BEB005B /* Pods_IntergrateFlutterInNative.framework */ = {isa = PBXFileReference; explicitFileType = wrapper.framework; includeInIndex = 0; path = Pods_IntergrateFlutterInNative.framework; sourceTree = BUILT_PRODUCTS_DIR; };
		43CF3D922B3D6E0700A587A2 /* IntergrateFlutterInNative.app */ = {isa = PBXFileReference; explicitFileType = wrapper.application; includeInIndex = 0; path = IntergrateFlutterInNative.app; sourceTree = BUILT_PRODUCTS_DIR; };
		43CF3D952B3D6E0700A587A2 /* AppDelegate.swift */ = {isa = PBXFileReference; lastKnownFileType = sourcecode.swift; path = AppDelegate.swift; sourceTree = "<group>"; };
		43CF3D972B3D6E0700A587A2 /* SceneDelegate.swift */ = {isa = PBXFileReference; lastKnownFileType = sourcecode.swift; path = SceneDelegate.swift; sourceTree = "<group>"; };
		43CF3D992B3D6E0700A587A2 /* ViewController.swift */ = {isa = PBXFileReference; lastKnownFileType = sourcecode.swift; path = ViewController.swift; sourceTree = "<group>"; };
		43CF3D9C2B3D6E0700A587A2 /* Base */ = {isa = PBXFileReference; lastKnownFileType = file.storyboard; name = Base; path = Base.lproj/Main.storyboard; sourceTree = "<group>"; };
		43CF3D9E2B3D6E0800A587A2 /* Assets.xcassets */ = {isa = PBXFileReference; lastKnownFileType = folder.assetcatalog; path = Assets.xcassets; sourceTree = "<group>"; };
		43CF3DA12B3D6E0800A587A2 /* Base */ = {isa = PBXFileReference; lastKnownFileType = file.storyboard; name = Base; path = Base.lproj/LaunchScreen.storyboard; sourceTree = "<group>"; };
		43CF3DA32B3D6E0800A587A2 /* Info.plist */ = {isa = PBXFileReference; lastKnownFileType = text.plist.xml; path = Info.plist; sourceTree = "<group>"; };
		DD9C9FD19BF0A151016ADFC9 /* Pods-IntergrateFlutterInNative.release.xcconfig */ = {isa = PBXFileReference; includeInIndex = 1; lastKnownFileType = text.xcconfig; name = "Pods-IntergrateFlutterInNative.release.xcconfig"; path = "Target Support Files/Pods-IntergrateFlutterInNative/Pods-IntergrateFlutterInNative.release.xcconfig"; sourceTree = "<group>"; };
		DF4574A3987510F16273DFB9 /* Pods-IntergrateFlutterInNative.debug.xcconfig */ = {isa = PBXFileReference; includeInIndex = 1; lastKnownFileType = text.xcconfig; name = "Pods-IntergrateFlutterInNative.debug.xcconfig"; path = "Target Support Files/Pods-IntergrateFlutterInNative/Pods-IntergrateFlutterInNative.debug.xcconfig"; sourceTree = "<group>"; };
/* End PBXFileReference section */

/* Begin PBXFrameworksBuildPhase section */
		43CF3D8F2B3D6E0700A587A2 /* Frameworks */ = {
			isa = PBXFrameworksBuildPhase;
			buildActionMask = 2147483647;
			files = (
				2098416B5262B2C0C5999153 /* Pods_IntergrateFlutterInNative.framework in Frameworks */,
			);
			runOnlyForDeploymentPostprocessing = 0;
		};
/* End PBXFrameworksBuildPhase section */

/* Begin PBXGroup section */
		285EB861A3D1541755D34781 /* Pods */ = {
			isa = PBXGroup;
			children = (
				DF4574A3987510F16273DFB9 /* Pods-IntergrateFlutterInNative.debug.xcconfig */,
				DD9C9FD19BF0A151016ADFC9 /* Pods-IntergrateFlutterInNative.release.xcconfig */,
			);
			path = Pods;
			sourceTree = "<group>";
		};
		43CF3D892B3D6E0700A587A2 = {
			isa = PBXGroup;
			children = (
				43CF3D942B3D6E0700A587A2 /* IntergrateFlutterInNative */,
				43CF3D932B3D6E0700A587A2 /* Products */,
				285EB861A3D1541755D34781 /* Pods */,
				E60A3147EAC1A30B5FA4304D /* Frameworks */,
			);
			sourceTree = "<group>";
		};
		43CF3D932B3D6E0700A587A2 /* Products */ = {
			isa = PBXGroup;
			children = (
				43CF3D922B3D6E0700A587A2 /* IntergrateFlutterInNative.app */,
			);
			name = Products;
			sourceTree = "<group>";
		};
		43CF3D942B3D6E0700A587A2 /* IntergrateFlutterInNative */ = {
			isa = PBXGroup;
			children = (
				43CF3D952B3D6E0700A587A2 /* AppDelegate.swift */,
				43CF3D972B3D6E0700A587A2 /* SceneDelegate.swift */,
				43CF3D992B3D6E0700A587A2 /* ViewController.swift */,
				43CF3D9B2B3D6E0700A587A2 /* Main.storyboard */,
				43CF3D9E2B3D6E0800A587A2 /* Assets.xcassets */,
				43CF3DA02B3D6E0800A587A2 /* LaunchScreen.storyboard */,
				43CF3DA32B3D6E0800A587A2 /* Info.plist */,
			);
			path = IntergrateFlutterInNative;
			sourceTree = "<group>";
		};
		E60A3147EAC1A30B5FA4304D /* Frameworks */ = {
			isa = PBXGroup;
			children = (
				1DCBEB9629757DC93BEB005B /* Pods_IntergrateFlutterInNative.framework */,
			);
			name = Frameworks;
			sourceTree = "<group>";
		};
/* End PBXGroup section */

/* Begin PBXNativeTarget section */
		43CF3D912B3D6E0700A587A2 /* IntergrateFlutterInNative */ = {
			isa = PBXNativeTarget;
			buildConfigurationList = 43CF3DA62B3D6E0800A587A2 /* Build configuration list for PBXNativeTarget "IntergrateFlutterInNative" */;
			buildPhases = (
				5944EA47C80341FC4B913442 /* [CP] Check Pods Manifest.lock */,
				CFFF62E5B3468860AC0C5E6D /* [CP-User] Run Flutter Build integrate_flutter_in_native Script */,
				43CF3D8E2B3D6E0700A587A2 /* Sources */,
				43CF3D8F2B3D6E0700A587A2 /* Frameworks */,
				43CF3D902B3D6E0700A587A2 /* Resources */,
				43CF3DA92B3D705D00A587A2 /* ShellScript */,
				D0C10E40FD284864345A77A2 /* [CP-User] Embed Flutter Build integrate_flutter_in_native Script */,
			);
			buildRules = (
			);
			dependencies = (
			);
			name = IntergrateFlutterInNative;
			productName = IntergrateFlutterInNative;
			productReference = 43CF3D922B3D6E0700A587A2 /* IntergrateFlutterInNative.app */;
			productType = "com.apple.product-type.application";
		};
/* End PBXNativeTarget section */

/* Begin PBXProject section */
		43CF3D8A2B3D6E0700A587A2 /* Project object */ = {
			isa = PBXProject;
			attributes = {
				BuildIndependentTargetsInParallel = 1;
				LastSwiftUpdateCheck = 1500;
				LastUpgradeCheck = 1500;
				TargetAttributes = {
					43CF3D912B3D6E0700A587A2 = {
						CreatedOnToolsVersion = 15.0.1;
					};
				};
			};
			buildConfigurationList = 43CF3D8D2B3D6E0700A587A2 /* Build configuration list for PBXProject "IntergrateFlutterInNative" */;
			compatibilityVersion = "Xcode 14.0";
			developmentRegion = en;
			hasScannedForEncodings = 0;
			knownRegions = (
				en,
				Base,
			);
			mainGroup = 43CF3D892B3D6E0700A587A2;
			productRefGroup = 43CF3D932B3D6E0700A587A2 /* Products */;
			projectDirPath = "";
			projectRoot = "";
			targets = (
				43CF3D912B3D6E0700A587A2 /* IntergrateFlutterInNative */,
			);
		};
/* End PBXProject section */

/* Begin PBXResourcesBuildPhase section */
		43CF3D902B3D6E0700A587A2 /* Resources */ = {
			isa = PBXResourcesBuildPhase;
			buildActionMask = 2147483647;
			files = (
				43CF3DA22B3D6E0800A587A2 /* LaunchScreen.storyboard in Resources */,
				43CF3D9F2B3D6E0800A587A2 /* Assets.xcassets in Resources */,
				43CF3D9D2B3D6E0700A587A2 /* Main.storyboard in Resources */,
			);
			runOnlyForDeploymentPostprocessing = 0;
		};
/* End PBXResourcesBuildPhase section */

/* Begin PBXShellScriptBuildPhase section */
		43CF3DA92B3D705D00A587A2 /* ShellScript */ = {
			isa = PBXShellScriptBuildPhase;
			buildActionMask = 2147483647;
			files = (
			);
			inputFileListPaths = (
			);
			inputPaths = (
			);
			outputFileListPaths = (
			);
			outputPaths = (
			);
			runOnlyForDeploymentPostprocessing = 0;
			shellPath = /bin/sh;
			shellScript = "# Type a script or drag a script file from your workspace to insert its path.\nif which swiftlint >/dev/null; then\n  swiftlint autocorrect --format\nelse\n  echo \"warning: SwiftLint not installed, download from https://github.com/realm/SwiftLint\"\nfi\n";
		};
		5944EA47C80341FC4B913442 /* [CP] Check Pods Manifest.lock */ = {
			isa = PBXShellScriptBuildPhase;
			buildActionMask = 2147483647;
			files = (
			);
			inputFileListPaths = (
			);
			inputPaths = (
				"${PODS_PODFILE_DIR_PATH}/Podfile.lock",
				"${PODS_ROOT}/Manifest.lock",
			);
			name = "[CP] Check Pods Manifest.lock";
			outputFileListPaths = (
			);
			outputPaths = (
				"$(DERIVED_FILE_DIR)/Pods-IntergrateFlutterInNative-checkManifestLockResult.txt",
			);
			runOnlyForDeploymentPostprocessing = 0;
			shellPath = /bin/sh;
			shellScript = "diff \"${PODS_PODFILE_DIR_PATH}/Podfile.lock\" \"${PODS_ROOT}/Manifest.lock\" > /dev/null\nif [ $? != 0 ] ; then\n    # print error to STDERR\n    echo \"error: The sandbox is not in sync with the Podfile.lock. Run 'pod install' or update your CocoaPods installation.\" >&2\n    exit 1\nfi\n# This output is used by Xcode 'outputs' to avoid re-running this script phase.\necho \"SUCCESS\" > \"${SCRIPT_OUTPUT_FILE_0}\"\n";
			showEnvVarsInLog = 0;
		};
		CFFF62E5B3468860AC0C5E6D /* [CP-User] Run Flutter Build integrate_flutter_in_native Script */ = {
			isa = PBXShellScriptBuildPhase;
			buildActionMask = 2147483647;
			files = (
			);
			name = "[CP-User] Run Flutter Build integrate_flutter_in_native Script";
			runOnlyForDeploymentPostprocessing = 0;
			shellPath = /bin/sh;
			shellScript = "set -e\nset -u\nsource \"${SRCROOT}/flutter/integrate_flutter_in_native/.ios/Flutter/flutter_export_environment.sh\"\nexport VERBOSE_SCRIPT_LOGGING=1 && \"$FLUTTER_ROOT\"/packages/flutter_tools/bin/xcode_backend.sh build";
		};
		D0C10E40FD284864345A77A2 /* [CP-User] Embed Flutter Build integrate_flutter_in_native Script */ = {
			isa = PBXShellScriptBuildPhase;
			buildActionMask = 2147483647;
			files = (
			);
			name = "[CP-User] Embed Flutter Build integrate_flutter_in_native Script";
			runOnlyForDeploymentPostprocessing = 0;
			shellPath = /bin/sh;
			shellScript = "set -e\nset -u\nsource \"${SRCROOT}/flutter/integrate_flutter_in_native/.ios/Flutter/flutter_export_environment.sh\"\nexport VERBOSE_SCRIPT_LOGGING=1 && \"$FLUTTER_ROOT\"/packages/flutter_tools/bin/xcode_backend.sh embed_and_thin";
		};
/* End PBXShellScriptBuildPhase section */

/* Begin PBXSourcesBuildPhase section */
		43CF3D8E2B3D6E0700A587A2 /* Sources */ = {
			isa = PBXSourcesBuildPhase;
			buildActionMask = 2147483647;
			files = (
				43CF3D9A2B3D6E0700A587A2 /* ViewController.swift in Sources */,
				43CF3D962B3D6E0700A587A2 /* AppDelegate.swift in Sources */,
				43CF3D982B3D6E0700A587A2 /* SceneDelegate.swift in Sources */,
			);
			runOnlyForDeploymentPostprocessing = 0;
		};
/* End PBXSourcesBuildPhase section */

/* Begin PBXVariantGroup section */
		43CF3D9B2B3D6E0700A587A2 /* Main.storyboard */ = {
			isa = PBXVariantGroup;
			children = (
				43CF3D9C2B3D6E0700A587A2 /* Base */,
			);
			name = Main.storyboard;
			sourceTree = "<group>";
		};
		43CF3DA02B3D6E0800A587A2 /* LaunchScreen.storyboard */ = {
			isa = PBXVariantGroup;
			children = (
				43CF3DA12B3D6E0800A587A2 /* Base */,
			);
			name = LaunchScreen.storyboard;
			sourceTree = "<group>";
		};
/* End PBXVariantGroup section */

/* Begin XCBuildConfiguration section */
		43CF3DA42B3D6E0800A587A2 /* Debug */ = {
			isa = XCBuildConfiguration;
			buildSettings = {
				ALWAYS_SEARCH_USER_PATHS = NO;
				ASSETCATALOG_COMPILER_GENERATE_SWIFT_ASSET_SYMBOL_EXTENSIONS = YES;
				CLANG_ANALYZER_NONNULL = YES;
				CLANG_ANALYZER_NUMBER_OBJECT_CONVERSION = YES_AGGRESSIVE;
				CLANG_CXX_LANGUAGE_STANDARD = "gnu++20";
				CLANG_ENABLE_MODULES = YES;
				CLANG_ENABLE_OBJC_ARC = YES;
				CLANG_ENABLE_OBJC_WEAK = YES;
				CLANG_WARN_BLOCK_CAPTURE_AUTORELEASING = YES;
				CLANG_WARN_BOOL_CONVERSION = YES;
				CLANG_WARN_COMMA = YES;
				CLANG_WARN_CONSTANT_CONVERSION = YES;
				CLANG_WARN_DEPRECATED_OBJC_IMPLEMENTATIONS = YES;
				CLANG_WARN_DIRECT_OBJC_ISA_USAGE = YES_ERROR;
				CLANG_WARN_DOCUMENTATION_COMMENTS = YES;
				CLANG_WARN_EMPTY_BODY = YES;
				CLANG_WARN_ENUM_CONVERSION = YES;
				CLANG_WARN_INFINITE_RECURSION = YES;
				CLANG_WARN_INT_CONVERSION = YES;
				CLANG_WARN_NON_LITERAL_NULL_CONVERSION = YES;
				CLANG_WARN_OBJC_IMPLICIT_RETAIN_SELF = YES;
				CLANG_WARN_OBJC_LITERAL_CONVERSION = YES;
				CLANG_WARN_OBJC_ROOT_CLASS = YES_ERROR;
				CLANG_WARN_QUOTED_INCLUDE_IN_FRAMEWORK_HEADER = YES;
				CLANG_WARN_RANGE_LOOP_ANALYSIS = YES;
				CLANG_WARN_STRICT_PROTOTYPES = YES;
				CLANG_WARN_SUSPICIOUS_MOVE = YES;
				CLANG_WARN_UNGUARDED_AVAILABILITY = YES_AGGRESSIVE;
				CLANG_WARN_UNREACHABLE_CODE = YES;
				CLANG_WARN__DUPLICATE_METHOD_MATCH = YES;
				COPY_PHASE_STRIP = NO;
				DEBUG_INFORMATION_FORMAT = dwarf;
				ENABLE_STRICT_OBJC_MSGSEND = YES;
				ENABLE_TESTABILITY = YES;
				ENABLE_USER_SCRIPT_SANDBOXING = NO;
				GCC_C_LANGUAGE_STANDARD = gnu17;
				GCC_DYNAMIC_NO_PIC = NO;
				GCC_NO_COMMON_BLOCKS = YES;
				GCC_OPTIMIZATION_LEVEL = 0;
				GCC_PREPROCESSOR_DEFINITIONS = (
					"DEBUG=1",
					"$(inherited)",
				);
				GCC_WARN_64_TO_32_BIT_CONVERSION = YES;
				GCC_WARN_ABOUT_RETURN_TYPE = YES_ERROR;
				GCC_WARN_UNDECLARED_SELECTOR = YES;
				GCC_WARN_UNINITIALIZED_AUTOS = YES_AGGRESSIVE;
				GCC_WARN_UNUSED_FUNCTION = YES;
				GCC_WARN_UNUSED_VARIABLE = YES;
				IPHONEOS_DEPLOYMENT_TARGET = 17.0;
				LOCALIZATION_PREFERS_STRING_CATALOGS = YES;
				MTL_ENABLE_DEBUG_INFO = INCLUDE_SOURCE;
				MTL_FAST_MATH = YES;
				ONLY_ACTIVE_ARCH = YES;
				SDKROOT = iphoneos;
				SWIFT_ACTIVE_COMPILATION_CONDITIONS = "DEBUG $(inherited)";
				SWIFT_OPTIMIZATION_LEVEL = "-Onone";
			};
			name = Debug;
		};
		43CF3DA52B3D6E0800A587A2 /* Release */ = {
			isa = XCBuildConfiguration;
			buildSettings = {
				ALWAYS_SEARCH_USER_PATHS = NO;
				ASSETCATALOG_COMPILER_GENERATE_SWIFT_ASSET_SYMBOL_EXTENSIONS = YES;
				CLANG_ANALYZER_NONNULL = YES;
				CLANG_ANALYZER_NUMBER_OBJECT_CONVERSION = YES_AGGRESSIVE;
				CLANG_CXX_LANGUAGE_STANDARD = "gnu++20";
				CLANG_ENABLE_MODULES = YES;
				CLANG_ENABLE_OBJC_ARC = YES;
				CLANG_ENABLE_OBJC_WEAK = YES;
				CLANG_WARN_BLOCK_CAPTURE_AUTORELEASING = YES;
				CLANG_WARN_BOOL_CONVERSION = YES;
				CLANG_WARN_COMMA = YES;
				CLANG_WARN_CONSTANT_CONVERSION = YES;
				CLANG_WARN_DEPRECATED_OBJC_IMPLEMENTATIONS = YES;
				CLANG_WARN_DIRECT_OBJC_ISA_USAGE = YES_ERROR;
				CLANG_WARN_DOCUMENTATION_COMMENTS = YES;
				CLANG_WARN_EMPTY_BODY = YES;
				CLANG_WARN_ENUM_CONVERSION = YES;
				CLANG_WARN_INFINITE_RECURSION = YES;
				CLANG_WARN_INT_CONVERSION = YES;
				CLANG_WARN_NON_LITERAL_NULL_CONVERSION = YES;
				CLANG_WARN_OBJC_IMPLICIT_RETAIN_SELF = YES;
				CLANG_WARN_OBJC_LITERAL_CONVERSION = YES;
				CLANG_WARN_OBJC_ROOT_CLASS = YES_ERROR;
				CLANG_WARN_QUOTED_INCLUDE_IN_FRAMEWORK_HEADER = YES;
				CLANG_WARN_RANGE_LOOP_ANALYSIS = YES;
				CLANG_WARN_STRICT_PROTOTYPES = YES;
				CLANG_WARN_SUSPICIOUS_MOVE = YES;
				CLANG_WARN_UNGUARDED_AVAILABILITY = YES_AGGRESSIVE;
				CLANG_WARN_UNREACHABLE_CODE = YES;
				CLANG_WARN__DUPLICATE_METHOD_MATCH = YES;
				COPY_PHASE_STRIP = NO;
				DEBUG_INFORMATION_FORMAT = "dwarf-with-dsym";
				ENABLE_NS_ASSERTIONS = NO;
				ENABLE_STRICT_OBJC_MSGSEND = YES;
				ENABLE_USER_SCRIPT_SANDBOXING = NO;
				GCC_C_LANGUAGE_STANDARD = gnu17;
				GCC_NO_COMMON_BLOCKS = YES;
				GCC_WARN_64_TO_32_BIT_CONVERSION = YES;
				GCC_WARN_ABOUT_RETURN_TYPE = YES_ERROR;
				GCC_WARN_UNDECLARED_SELECTOR = YES;
				GCC_WARN_UNINITIALIZED_AUTOS = YES_AGGRESSIVE;
				GCC_WARN_UNUSED_FUNCTION = YES;
				GCC_WARN_UNUSED_VARIABLE = YES;
				IPHONEOS_DEPLOYMENT_TARGET = 17.0;
				LOCALIZATION_PREFERS_STRING_CATALOGS = YES;
				MTL_ENABLE_DEBUG_INFO = NO;
				MTL_FAST_MATH = YES;
				SDKROOT = iphoneos;
				SWIFT_COMPILATION_MODE = wholemodule;
				VALIDATE_PRODUCT = YES;
			};
			name = Release;
		};
		43CF3DA72B3D6E0800A587A2 /* Debug */ = {
			isa = XCBuildConfiguration;
			baseConfigurationReference = DF4574A3987510F16273DFB9 /* Pods-IntergrateFlutterInNative.debug.xcconfig */;
			buildSettings = {
				ASSETCATALOG_COMPILER_APPICON_NAME = AppIcon;
				ASSETCATALOG_COMPILER_GLOBAL_ACCENT_COLOR_NAME = AccentColor;
				CODE_SIGN_STYLE = Automatic;
				CURRENT_PROJECT_VERSION = 1;
				ENABLE_USER_SCRIPT_SANDBOXING = NO;
				GENERATE_INFOPLIST_FILE = YES;
				INFOPLIST_FILE = IntergrateFlutterInNative/Info.plist;
				INFOPLIST_KEY_UIApplicationSupportsIndirectInputEvents = YES;
				INFOPLIST_KEY_UILaunchStoryboardName = LaunchScreen;
				INFOPLIST_KEY_UIMainStoryboardFile = Main;
				INFOPLIST_KEY_UISupportedInterfaceOrientations_iPad = "UIInterfaceOrientationPortrait UIInterfaceOrientationPortraitUpsideDown UIInterfaceOrientationLandscapeLeft UIInterfaceOrientationLandscapeRight";
				INFOPLIST_KEY_UISupportedInterfaceOrientations_iPhone = "UIInterfaceOrientationPortrait UIInterfaceOrientationLandscapeLeft UIInterfaceOrientationLandscapeRight";
				IPHONEOS_DEPLOYMENT_TARGET = 15.0;
				LD_RUNPATH_SEARCH_PATHS = (
					"$(inherited)",
					"@executable_path/Frameworks",
				);
				MARKETING_VERSION = 1.0;
				PRODUCT_BUNDLE_IDENTIFIER = com.flutterIasiMeetup.IntergrateFlutterInNative;
				PRODUCT_NAME = "$(TARGET_NAME)";
				SWIFT_EMIT_LOC_STRINGS = YES;
				SWIFT_VERSION = 5.0;
				TARGETED_DEVICE_FAMILY = "1,2";
			};
			name = Debug;
		};
		43CF3DA82B3D6E0800A587A2 /* Release */ = {
			isa = XCBuildConfiguration;
			baseConfigurationReference = DD9C9FD19BF0A151016ADFC9 /* Pods-IntergrateFlutterInNative.release.xcconfig */;
			buildSettings = {
				ASSETCATALOG_COMPILER_APPICON_NAME = AppIcon;
				ASSETCATALOG_COMPILER_GLOBAL_ACCENT_COLOR_NAME = AccentColor;
				CODE_SIGN_STYLE = Automatic;
				CURRENT_PROJECT_VERSION = 1;
				ENABLE_USER_SCRIPT_SANDBOXING = NO;
				GENERATE_INFOPLIST_FILE = YES;
				INFOPLIST_FILE = IntergrateFlutterInNative/Info.plist;
				INFOPLIST_KEY_UIApplicationSupportsIndirectInputEvents = YES;
				INFOPLIST_KEY_UILaunchStoryboardName = LaunchScreen;
				INFOPLIST_KEY_UIMainStoryboardFile = Main;
				INFOPLIST_KEY_UISupportedInterfaceOrientations_iPad = "UIInterfaceOrientationPortrait UIInterfaceOrientationPortraitUpsideDown UIInterfaceOrientationLandscapeLeft UIInterfaceOrientationLandscapeRight";
				INFOPLIST_KEY_UISupportedInterfaceOrientations_iPhone = "UIInterfaceOrientationPortrait UIInterfaceOrientationLandscapeLeft UIInterfaceOrientationLandscapeRight";
				IPHONEOS_DEPLOYMENT_TARGET = 15.0;
				LD_RUNPATH_SEARCH_PATHS = (
					"$(inherited)",
					"@executable_path/Frameworks",
				);
				MARKETING_VERSION = 1.0;
				PRODUCT_BUNDLE_IDENTIFIER = com.flutterIasiMeetup.IntergrateFlutterInNative;
				PRODUCT_NAME = "$(TARGET_NAME)";
				SWIFT_EMIT_LOC_STRINGS = YES;
				SWIFT_VERSION = 5.0;
				TARGETED_DEVICE_FAMILY = "1,2";
			};
			name = Release;
		};
/* End XCBuildConfiguration section */

/* Begin XCConfigurationList section */
		43CF3D8D2B3D6E0700A587A2 /* Build configuration list for PBXProject "IntergrateFlutterInNative" */ = {
			isa = XCConfigurationList;
			buildConfigurations = (
				43CF3DA42B3D6E0800A587A2 /* Debug */,
				43CF3DA52B3D6E0800A587A2 /* Release */,
			);
			defaultConfigurationIsVisible = 0;
			defaultConfigurationName = Release;
		};
		43CF3DA62B3D6E0800A587A2 /* Build configuration list for PBXNativeTarget "IntergrateFlutterInNative" */ = {
			isa = XCConfigurationList;
			buildConfigurations = (
				43CF3DA72B3D6E0800A587A2 /* Debug */,
				43CF3DA82B3D6E0800A587A2 /* Release */,
			);
			defaultConfigurationIsVisible = 0;
			defaultConfigurationName = Release;
		};
/* End XCConfigurationList section */
	};
	rootObject = 43CF3D8A2B3D6E0700A587A2 /* Project object */;
}
